<?xml version="1.0" encoding="utf-8"?>
<Project ToolsVersion="4.0" xmlns="http://schemas.microsoft.com/developer/msbuild/2003">
  <ItemGroup>
    <Filter Include="Source Files">
      <UniqueIdentifier>{9fe57c80-a0eb-4cd3-b79f-0400fb5a0e2c}</UniqueIdentifier>
      <Extensions>cpp;c;cxx;rc;def;r;odl;idl;hpj;bat</Extensions>
    </Filter>
    <Filter Include="Header Files">
      <UniqueIdentifier>{7659b39f-d200-4ca4-96ab-3efb8413a9f7}</UniqueIdentifier>
      <Extensions>h;hpp;hxx;hm;inl</Extensions>
    </Filter>
    <Filter Include="Resource Files">
      <UniqueIdentifier>{0b696daa-b38a-4ab2-86ca-a4f5346d1116}</UniqueIdentifier>
      <Extensions>ico;cur;bmp;dlg;rc2;rct;bin;rgs;gif;jpg;jpeg;jpe</Extensions>
    </Filter>
  </ItemGroup>
  <ItemGroup>
    <ClCompile Include="src\huffman.c">
      <Filter>Source Files</Filter>
    </ClCompile>
    <ClCompile Include="src\StdAfx.cpp">
      <Filter>Source Files</Filter>
    </ClCompile>
    <ClCompile Include="src\TCPClient.cpp">
      <Filter>Source Files</Filter>
    </ClCompile>
    <ClCompile Include="src\TCPCommon.cpp">
      <Filter>Source Files</Filter>
    </ClCompile>
    <ClCompile Include="src\TCPCompression.cpp">
      <Filter>Source Files</Filter>
    </ClCompile>
    <ClCompile Include="src\TCPDeliver.cpp">
      <Filter>Source Files</Filter>
    </ClCompile>
    <ClCompile Include="src\TCPServer.cpp">
      <Filter>Source Files</Filter>
    </ClCompile>
  </ItemGroup>
  <ItemGroup>
    <ClInclude Include="src\avisynth.h">
      <Filter>Header Files</Filter>
    </ClInclude>
    <ClInclude Include="src\huffman.h">
      <Filter>Header Files</Filter>
    </ClInclude>
    <ClInclude Include="src\resource.h">
      <Filter>Header Files</Filter>
    </ClInclude>
    <ClInclude Include="src\StdAfx.h">
      <Filter>Header Files</Filter>
    </ClInclude>
    <ClInclude Include="src\TCPClient.h">
      <Filter>Header Files</Filter>
    </ClInclude>
    <ClInclude Include="src\TCPCommon.h">
      <Filter>Header Files</Filter>
    </ClInclude>
    <ClInclude Include="src\TCPCompression.h">
      <Filter>Header Files</Filter>
    </ClInclude>
    <ClInclude Include="src\TCPServer.h">
      <Filter>Header Files</Filter>
    </ClInclude>
  </ItemGroup>
  <ItemGroup>
    <ResourceCompile Include="src\ClientGUI.rc">
      <Filter>Source Files</Filter>
    </ResourceCompile>
  </ItemGroup>
</Project>